
Microsoft Visual Studio Solution File, Format Version 12.00
# Visual Studio Version 16
VisualStudioVersion = 16.0.29009.5
MinimumVisualStudioVersion = 10.0.40219.1
Project("{FAE04EC0-301F-11D3-BF4B-00C04F79EFBC}") = "TranslateAngular2", "TranslateAngular2\TranslateAngular2.csproj", "{8A3A4D51-C272-434F-BCE1-233150F27FB2}"
EndProject
Global
	GlobalSection(SolutionConfigurationPlatforms) = preSolution
		Debug|Any CPU = Debug|Any CPU
		Release|Any CPU = Release|Any CPU
	EndGlobalSection
	GlobalSection(ProjectConfigurationPlatforms) = postSolution
		{8A3A4D51-C272-434F-BCE1-233150F27FB2}.Debug|Any CPU.ActiveCfg = Debug|Any CPU
		{8A3A4D51-C272-434F-BCE1-233150F27FB2}.Debug|Any CPU.Build.0 = Debug|Any CPU
		{8A3A4D51-C272-434F-BCE1-233150F27FB2}.Release|Any CPU.ActiveCfg = Release|Any CPU
		{8A3A4D51-C272-434F-BCE1-233150F27FB2}.Release|Any CPU.Build.0 = Release|Any CPU
	EndGlobalSection
	GlobalSection(SolutionProperties) = preSolution
		HideSolutionNode = FALSE
	EndGlobalSection
	GlobalSection(ExtensibilityGlobals) = postSolution
		SolutionGuid = {671293E6-A58F-4A6C-A22F-44C65D0AAD0A}
	EndGlobalSection
EndGlobal
